
Microsoft Visual Studio Solution File, Format Version 12.00
# Visual Studio Version 17
VisualStudioVersion = 17.9.34622.214
MinimumVisualStudioVersion = 10.0.40219.1
Project("{FAE04EC0-301F-11D3-BF4B-00C04F79EFBC}") = "BtBuoi10.WebApi", "BtBuoi10.WebApi\BtBuoi10.WebApi.csproj", "{4972D294-A9C5-463E-B4E2-311991FE68C3}"
EndProject
Project("{FAE04EC0-301F-11D3-BF4B-00C04F79EFBC}") = "DataAccess.BtBuoi10", "DataAccess.BtBuoi10\DataAccess.BtBuoi10.csproj", "{7F53C0B3-BEB0-404E-A335-958CB550E26A}"
EndProject
Global
	GlobalSection(SolutionConfigurationPlatforms) = preSolution
		Debug|Any CPU = Debug|Any CPU
		Release|Any CPU = Release|Any CPU
	EndGlobalSection
	GlobalSection(ProjectConfigurationPlatforms) = postSolution
		{4972D294-A9C5-463E-B4E2-311991FE68C3}.Debug|Any CPU.ActiveCfg = Debug|Any CPU
		{4972D294-A9C5-463E-B4E2-311991FE68C3}.Debug|Any CPU.Build.0 = Debug|Any CPU
		{4972D294-A9C5-463E-B4E2-311991FE68C3}.Release|Any CPU.ActiveCfg = Release|Any CPU
		{4972D294-A9C5-463E-B4E2-311991FE68C3}.Release|Any CPU.Build.0 = Release|Any CPU
		{7F53C0B3-BEB0-404E-A335-958CB550E26A}.Debug|Any CPU.ActiveCfg = Debug|Any CPU
		{7F53C0B3-BEB0-404E-A335-958CB550E26A}.Debug|Any CPU.Build.0 = Debug|Any CPU
		{7F53C0B3-BEB0-404E-A335-958CB550E26A}.Release|Any CPU.ActiveCfg = Release|Any CPU
		{7F53C0B3-BEB0-404E-A335-958CB550E26A}.Release|Any CPU.Build.0 = Release|Any CPU
	EndGlobalSection
	GlobalSection(SolutionProperties) = preSolution
		HideSolutionNode = FALSE
	EndGlobalSection
	GlobalSection(ExtensibilityGlobals) = postSolution
		SolutionGuid = {8611F446-F38A-4B22-A641-A932FC6398A8}
	EndGlobalSection
EndGlobal
